{
  "originHash" : "8644992f6b0e9565907f1d8f9508e78ffaae89bc1402346b6c643e13d2c69038",
  "pins" : [
    {
      "identity" : "alamofire",
      "kind" : "remoteSourceControl",
      "location" : "https://github.com/Alamofire/Alamofire.git",
      "state" : {
        "revision" : "513364f870f6bfc468f9d2ff0a95caccc10044c5",
        "version" : "5.10.2"
      }
    },
    {
      "identity" : "cachedasyncimage",
      "kind" : "remoteSourceControl",
      "location" : "https://github.com/bullinnyc/CachedAsyncImage",
      "state" : {
        "revision" : "cb253e111528c082381af54b67dab7a15eefde16",
        "version" : "2.6.0"
      }
    }
  ],
  "version" : 3
}
